// !$*UTF8*$!
{
	archiveVersion = 1;
	classes = {
	};
	objectVersion = 56;
	objects = {

/* Begin PBXBuildFile section */
		92368D1E2B0DE9D1005379AD /* CropChip.swift in Sources */ = {isa = PBXBuildFile; fileRef = 92368D1D2B0DE9D1005379AD /* CropChip.swift */; };
		9260A0DA2B0702F9008B502E /* WholeWeekView.swift in Sources */ = {isa = PBXBuildFile; fileRef = 9260A0D92B0702F9008B502E /* WholeWeekView.swift */; };
		9260A0DD2B0710D6008B502E /* MainHeaderView.swift in Sources */ = {isa = PBXBuildFile; fileRef = 9260A0DC2B0710D6008B502E /* MainHeaderView.swift */; };
		9260A0DF2B071496008B502E /* DailyNoteView.swift in Sources */ = {isa = PBXBuildFile; fileRef = 9260A0DE2B071496008B502E /* DailyNoteView.swift */; };
		9260A0E62B0B2590008B502E /* DailyNoteSheet.swift in Sources */ = {isa = PBXBuildFile; fileRef = 9260A0E52B0B2590008B502E /* DailyNoteSheet.swift */; };
		9260A0E82B0B3326008B502E /* KeyboardExtension.swift in Sources */ = {isa = PBXBuildFile; fileRef = 9260A0E72B0B3326008B502E /* KeyboardExtension.swift */; };
		9260A0EB2B0B35CA008B502E /* SelectCropView.swift in Sources */ = {isa = PBXBuildFile; fileRef = 9260A0EA2B0B35CA008B502E /* SelectCropView.swift */; };
		9260A0ED2B0B3734008B502E /* MonthlyView.swift in Sources */ = {isa = PBXBuildFile; fileRef = 9260A0EC2B0B3734008B502E /* MonthlyView.swift */; };
		9260A0F12B0B38A3008B502E /* MonthlyHeaderView.swift in Sources */ = {isa = PBXBuildFile; fileRef = 9260A0F02B0B38A3008B502E /* MonthlyHeaderView.swift */; };
		929F3C062B0F368C00CC2CE7 /* DailyModel.swift in Sources */ = {isa = PBXBuildFile; fileRef = 929F3C052B0F368C00CC2CE7 /* DailyModel.swift */; };
		929F3C082B10E9A000CC2CE7 /* Buttons.swift in Sources */ = {isa = PBXBuildFile; fileRef = 929F3C072B10E9A000CC2CE7 /* Buttons.swift */; };
		929F3C0A2B13360900CC2CE7 /* DataModel.swift in Sources */ = {isa = PBXBuildFile; fileRef = 929F3C092B13360900CC2CE7 /* DataModel.swift */; };
		92A7B7F32B0B8AA900DFA162 /* MonthView.swift in Sources */ = {isa = PBXBuildFile; fileRef = 92A7B7F22B0B8AA900DFA162 /* MonthView.swift */; };
		92A7B7F52B0B8B6600DFA162 /* MonthStore.swift in Sources */ = {isa = PBXBuildFile; fileRef = 92A7B7F42B0B8B6600DFA162 /* MonthStore.swift */; };
		92E093CE2B061E0B001FBDC5 /* secondMojongApp.swift in Sources */ = {isa = PBXBuildFile; fileRef = 92E093CD2B061E0B001FBDC5 /* secondMojongApp.swift */; };
		92E093D02B061E0B001FBDC5 /* ContentView.swift in Sources */ = {isa = PBXBuildFile; fileRef = 92E093CF2B061E0B001FBDC5 /* ContentView.swift */; };
		92E093D22B061E0D001FBDC5 /* Assets.xcassets in Resources */ = {isa = PBXBuildFile; fileRef = 92E093D12B061E0D001FBDC5 /* Assets.xcassets */; };
		92E093D52B061E0D001FBDC5 /* Preview Assets.xcassets in Resources */ = {isa = PBXBuildFile; fileRef = 92E093D42B061E0D001FBDC5 /* Preview Assets.xcassets */; };
		92E093DF2B061E0D001FBDC5 /* secondMojongTests.swift in Sources */ = {isa = PBXBuildFile; fileRef = 92E093DE2B061E0D001FBDC5 /* secondMojongTests.swift */; };
		92E093E92B061E0D001FBDC5 /* secondMojongUITests.swift in Sources */ = {isa = PBXBuildFile; fileRef = 92E093E82B061E0D001FBDC5 /* secondMojongUITests.swift */; };
		92E093EB2B061E0D001FBDC5 /* secondMojongUITestsLaunchTests.swift in Sources */ = {isa = PBXBuildFile; fileRef = 92E093EA2B061E0D001FBDC5 /* secondMojongUITestsLaunchTests.swift */; };
		92E093F82B061E6D001FBDC5 /* WeeklyView.swift in Sources */ = {isa = PBXBuildFile; fileRef = 92E093F72B061E6D001FBDC5 /* WeeklyView.swift */; };
		92E093FA2B061E83001FBDC5 /* SplashView.swift in Sources */ = {isa = PBXBuildFile; fileRef = 92E093F92B061E83001FBDC5 /* SplashView.swift */; };
		92E094032B061F52001FBDC5 /* Colors.swift in Sources */ = {isa = PBXBuildFile; fileRef = 92E094012B061F4E001FBDC5 /* Colors.swift */; };
		92E094082B061F5F001FBDC5 /* TextStyles.swift in Sources */ = {isa = PBXBuildFile; fileRef = 92E094042B061F5B001FBDC5 /* TextStyles.swift */; };
		92E0940E2B061F8A001FBDC5 /* NPSfont_extrabold.ttf in Resources */ = {isa = PBXBuildFile; fileRef = 92E0940B2B061F8A001FBDC5 /* NPSfont_extrabold.ttf */; };
		92E0940F2B061F8A001FBDC5 /* NPSfont_bold.ttf in Resources */ = {isa = PBXBuildFile; fileRef = 92E0940C2B061F8A001FBDC5 /* NPSfont_bold.ttf */; };
		92E094102B061F8A001FBDC5 /* NPSfont_regular.ttf in Resources */ = {isa = PBXBuildFile; fileRef = 92E0940D2B061F8A001FBDC5 /* NPSfont_regular.ttf */; };
		92E094112B061FF8001FBDC5 /* NPSfont_bold.ttf in Resources */ = {isa = PBXBuildFile; fileRef = 92E0940C2B061F8A001FBDC5 /* NPSfont_bold.ttf */; };
		92E094122B061FF8001FBDC5 /* NPSfont_bold.ttf in Resources */ = {isa = PBXBuildFile; fileRef = 92E0940C2B061F8A001FBDC5 /* NPSfont_bold.ttf */; };
		92E094132B061FFA001FBDC5 /* NPSfont_extrabold.ttf in Resources */ = {isa = PBXBuildFile; fileRef = 92E0940B2B061F8A001FBDC5 /* NPSfont_extrabold.ttf */; };
		92E094142B061FFB001FBDC5 /* NPSfont_extrabold.ttf in Resources */ = {isa = PBXBuildFile; fileRef = 92E0940B2B061F8A001FBDC5 /* NPSfont_extrabold.ttf */; };
		92E094152B061FFD001FBDC5 /* NPSfont_regular.ttf in Resources */ = {isa = PBXBuildFile; fileRef = 92E0940D2B061F8A001FBDC5 /* NPSfont_regular.ttf */; };
		92E094162B061FFF001FBDC5 /* NPSfont_regular.ttf in Resources */ = {isa = PBXBuildFile; fileRef = 92E0940D2B061F8A001FBDC5 /* NPSfont_regular.ttf */; };
		92E094602B0641BD001FBDC5 /* WeekStore.swift in Sources */ = {isa = PBXBuildFile; fileRef = 92E0945D2B0641BD001FBDC5 /* WeekStore.swift */; };
		92E094612B0641BD001FBDC5 /* WeeksTabView.swift in Sources */ = {isa = PBXBuildFile; fileRef = 92E0945E2B0641BD001FBDC5 /* WeeksTabView.swift */; };
		92E094622B0641BD001FBDC5 /* WeekHeaderView.swift in Sources */ = {isa = PBXBuildFile; fileRef = 92E0945F2B0641BD001FBDC5 /* WeekHeaderView.swift */; };
		92E094642B0641F9001FBDC5 /* WeekView.swift in Sources */ = {isa = PBXBuildFile; fileRef = 92E094632B0641F8001FBDC5 /* WeekView.swift */; };
/* End PBXBuildFile section */

/* Begin PBXContainerItemProxy section */
		92E093DB2B061E0D001FBDC5 /* PBXContainerItemProxy */ = {
			isa = PBXContainerItemProxy;
			containerPortal = 92E093C22B061E0B001FBDC5 /* Project object */;
			proxyType = 1;
			remoteGlobalIDString = 92E093C92B061E0B001FBDC5;
			remoteInfo = secondMojong;
		};
		92E093E52B061E0D001FBDC5 /* PBXContainerItemProxy */ = {
			isa = PBXContainerItemProxy;
			containerPortal = 92E093C22B061E0B001FBDC5 /* Project object */;
			proxyType = 1;
			remoteGlobalIDString = 92E093C92B061E0B001FBDC5;
			remoteInfo = secondMojong;
		};
/* End PBXContainerItemProxy section */

/* Begin PBXFileReference section */
		92368D1D2B0DE9D1005379AD /* CropChip.swift */ = {isa = PBXFileReference; lastKnownFileType = sourcecode.swift; path = CropChip.swift; sourceTree = "<group>"; };
		9260A0D92B0702F9008B502E /* WholeWeekView.swift */ = {isa = PBXFileReference; lastKnownFileType = sourcecode.swift; path = WholeWeekView.swift; sourceTree = "<group>"; };
		9260A0DC2B0710D6008B502E /* MainHeaderView.swift */ = {isa = PBXFileReference; lastKnownFileType = sourcecode.swift; path = MainHeaderView.swift; sourceTree = "<group>"; };
		9260A0DE2B071496008B502E /* DailyNoteView.swift */ = {isa = PBXFileReference; lastKnownFileType = sourcecode.swift; path = DailyNoteView.swift; sourceTree = "<group>"; };
		9260A0E52B0B2590008B502E /* DailyNoteSheet.swift */ = {isa = PBXFileReference; lastKnownFileType = sourcecode.swift; path = DailyNoteSheet.swift; sourceTree = "<group>"; };
		9260A0E72B0B3326008B502E /* KeyboardExtension.swift */ = {isa = PBXFileReference; lastKnownFileType = sourcecode.swift; path = KeyboardExtension.swift; sourceTree = "<group>"; };
		9260A0EA2B0B35CA008B502E /* SelectCropView.swift */ = {isa = PBXFileReference; lastKnownFileType = sourcecode.swift; path = SelectCropView.swift; sourceTree = "<group>"; };
		9260A0EC2B0B3734008B502E /* MonthlyView.swift */ = {isa = PBXFileReference; lastKnownFileType = sourcecode.swift; path = MonthlyView.swift; sourceTree = "<group>"; };
		9260A0F02B0B38A3008B502E /* MonthlyHeaderView.swift */ = {isa = PBXFileReference; lastKnownFileType = sourcecode.swift; path = MonthlyHeaderView.swift; sourceTree = "<group>"; };
		929F3C052B0F368C00CC2CE7 /* DailyModel.swift */ = {isa = PBXFileReference; lastKnownFileType = sourcecode.swift; path = DailyModel.swift; sourceTree = "<group>"; };
		929F3C072B10E9A000CC2CE7 /* Buttons.swift */ = {isa = PBXFileReference; lastKnownFileType = sourcecode.swift; path = Buttons.swift; sourceTree = "<group>"; };
		929F3C092B13360900CC2CE7 /* DataModel.swift */ = {isa = PBXFileReference; lastKnownFileType = sourcecode.swift; path = DataModel.swift; sourceTree = "<group>"; };
		92A7B7F22B0B8AA900DFA162 /* MonthView.swift */ = {isa = PBXFileReference; lastKnownFileType = sourcecode.swift; path = MonthView.swift; sourceTree = "<group>"; };
		92A7B7F42B0B8B6600DFA162 /* MonthStore.swift */ = {isa = PBXFileReference; lastKnownFileType = sourcecode.swift; path = MonthStore.swift; sourceTree = "<group>"; };
		92E093CA2B061E0B001FBDC5 /* secondMojong.app */ = {isa = PBXFileReference; explicitFileType = wrapper.application; includeInIndex = 0; path = secondMojong.app; sourceTree = BUILT_PRODUCTS_DIR; };
		92E093CD2B061E0B001FBDC5 /* secondMojongApp.swift */ = {isa = PBXFileReference; lastKnownFileType = sourcecode.swift; path = secondMojongApp.swift; sourceTree = "<group>"; };
		92E093CF2B061E0B001FBDC5 /* ContentView.swift */ = {isa = PBXFileReference; lastKnownFileType = sourcecode.swift; path = ContentView.swift; sourceTree = "<group>"; };
		92E093D12B061E0D001FBDC5 /* Assets.xcassets */ = {isa = PBXFileReference; lastKnownFileType = folder.assetcatalog; path = Assets.xcassets; sourceTree = "<group>"; };
		92E093D42B061E0D001FBDC5 /* Preview Assets.xcassets */ = {isa = PBXFileReference; lastKnownFileType = folder.assetcatalog; path = "Preview Assets.xcassets"; sourceTree = "<group>"; };
		92E093DA2B061E0D001FBDC5 /* secondMojongTests.xctest */ = {isa = PBXFileReference; explicitFileType = wrapper.cfbundle; includeInIndex = 0; path = secondMojongTests.xctest; sourceTree = BUILT_PRODUCTS_DIR; };
		92E093DE2B061E0D001FBDC5 /* secondMojongTests.swift */ = {isa = PBXFileReference; lastKnownFileType = sourcecode.swift; path = secondMojongTests.swift; sourceTree = "<group>"; };
		92E093E42B061E0D001FBDC5 /* secondMojongUITests.xctest */ = {isa = PBXFileReference; explicitFileType = wrapper.cfbundle; includeInIndex = 0; path = secondMojongUITests.xctest; sourceTree = BUILT_PRODUCTS_DIR; };
		92E093E82B061E0D001FBDC5 /* secondMojongUITests.swift */ = {isa = PBXFileReference; lastKnownFileType = sourcecode.swift; path = secondMojongUITests.swift; sourceTree = "<group>"; };
		92E093EA2B061E0D001FBDC5 /* secondMojongUITestsLaunchTests.swift */ = {isa = PBXFileReference; lastKnownFileType = sourcecode.swift; path = secondMojongUITestsLaunchTests.swift; sourceTree = "<group>"; };
		92E093F72B061E6D001FBDC5 /* WeeklyView.swift */ = {isa = PBXFileReference; lastKnownFileType = sourcecode.swift; path = WeeklyView.swift; sourceTree = "<group>"; };
		92E093F92B061E83001FBDC5 /* SplashView.swift */ = {isa = PBXFileReference; lastKnownFileType = sourcecode.swift; path = SplashView.swift; sourceTree = "<group>"; };
		92E094012B061F4E001FBDC5 /* Colors.swift */ = {isa = PBXFileReference; fileEncoding = 4; lastKnownFileType = sourcecode.swift; name = Colors.swift; path = secondMojong/Extension/Colors.swift; sourceTree = SOURCE_ROOT; };
		92E094042B061F5B001FBDC5 /* TextStyles.swift */ = {isa = PBXFileReference; fileEncoding = 4; lastKnownFileType = sourcecode.swift; name = TextStyles.swift; path = secondMojong/Extension/TextStyles.swift; sourceTree = SOURCE_ROOT; };
		92E0940B2B061F8A001FBDC5 /* NPSfont_extrabold.ttf */ = {isa = PBXFileReference; lastKnownFileType = file; name = NPSfont_extrabold.ttf; path = secondMojong/Extension/Fonts/NPSfont_extrabold.ttf; sourceTree = SOURCE_ROOT; };
		92E0940C2B061F8A001FBDC5 /* NPSfont_bold.ttf */ = {isa = PBXFileReference; lastKnownFileType = file; name = NPSfont_bold.ttf; path = secondMojong/Extension/Fonts/NPSfont_bold.ttf; sourceTree = SOURCE_ROOT; };
		92E0940D2B061F8A001FBDC5 /* NPSfont_regular.ttf */ = {isa = PBXFileReference; lastKnownFileType = file; name = NPSfont_regular.ttf; path = secondMojong/Extension/Fonts/NPSfont_regular.ttf; sourceTree = SOURCE_ROOT; };
		92E094172B062011001FBDC5 /* Info.plist */ = {isa = PBXFileReference; lastKnownFileType = text.plist.xml; path = Info.plist; sourceTree = "<group>"; };
		92E0945D2B0641BD001FBDC5 /* WeekStore.swift */ = {isa = PBXFileReference; fileEncoding = 4; lastKnownFileType = sourcecode.swift; path = WeekStore.swift; sourceTree = "<group>"; };
		92E0945E2B0641BD001FBDC5 /* WeeksTabView.swift */ = {isa = PBXFileReference; fileEncoding = 4; lastKnownFileType = sourcecode.swift; path = WeeksTabView.swift; sourceTree = "<group>"; };
		92E0945F2B0641BD001FBDC5 /* WeekHeaderView.swift */ = {isa = PBXFileReference; fileEncoding = 4; lastKnownFileType = sourcecode.swift; path = WeekHeaderView.swift; sourceTree = "<group>"; };
		92E094632B0641F8001FBDC5 /* WeekView.swift */ = {isa = PBXFileReference; fileEncoding = 4; lastKnownFileType = sourcecode.swift; path = WeekView.swift; sourceTree = "<group>"; };
/* End PBXFileReference section */

/* Begin PBXFrameworksBuildPhase section */
		92E093C72B061E0B001FBDC5 /* Frameworks */ = {
			isa = PBXFrameworksBuildPhase;
			buildActionMask = 2147483647;
			files = (
			);
			runOnlyForDeploymentPostprocessing = 0;
		};
		92E093D72B061E0D001FBDC5 /* Frameworks */ = {
			isa = PBXFrameworksBuildPhase;
			buildActionMask = 2147483647;
			files = (
			);
			runOnlyForDeploymentPostprocessing = 0;
		};
		92E093E12B061E0D001FBDC5 /* Frameworks */ = {
			isa = PBXFrameworksBuildPhase;
			buildActionMask = 2147483647;
			files = (
			);
			runOnlyForDeploymentPostprocessing = 0;
		};
/* End PBXFrameworksBuildPhase section */

/* Begin PBXGroup section */
		9260A0DB2B071091008B502E /* WeekCalendar */ = {
			isa = PBXGroup;
			children = (
				9260A0D92B0702F9008B502E /* WholeWeekView.swift */,
				92E0945F2B0641BD001FBDC5 /* WeekHeaderView.swift */,
				92E0945E2B0641BD001FBDC5 /* WeeksTabView.swift */,
				92E094632B0641F8001FBDC5 /* WeekView.swift */,
				92E0945D2B0641BD001FBDC5 /* WeekStore.swift */,
			);
			path = WeekCalendar;
			sourceTree = "<group>";
		};
		9260A0E22B0754AE008B502E /* Note */ = {
			isa = PBXGroup;
			children = (
				9260A0DE2B071496008B502E /* DailyNoteView.swift */,
				9260A0E52B0B2590008B502E /* DailyNoteSheet.swift */,
			);
			path = Note;
			sourceTree = "<group>";
		};
		9260A0E92B0B35B8008B502E /* MainHeader */ = {
			isa = PBXGroup;
			children = (
				9260A0DC2B0710D6008B502E /* MainHeaderView.swift */,
				9260A0EA2B0B35CA008B502E /* SelectCropView.swift */,
				9260A0F22B0B43A5008B502E /* MonthlyCalendar */,
			);
			path = MainHeader;
			sourceTree = "<group>";
		};
		9260A0F22B0B43A5008B502E /* MonthlyCalendar */ = {
			isa = PBXGroup;
			children = (
				9260A0EC2B0B3734008B502E /* MonthlyView.swift */,
				9260A0F02B0B38A3008B502E /* MonthlyHeaderView.swift */,
				92A7B7F22B0B8AA900DFA162 /* MonthView.swift */,
				92A7B7F42B0B8B6600DFA162 /* MonthStore.swift */,
			);
			path = MonthlyCalendar;
			sourceTree = "<group>";
		};
		929F3C042B0F367700CC2CE7 /* Model */ = {
			isa = PBXGroup;
			children = (
				929F3C052B0F368C00CC2CE7 /* DailyModel.swift */,
				929F3C092B13360900CC2CE7 /* DataModel.swift */,
			);
			path = Model;
			sourceTree = "<group>";
		};
		92E093C12B061E0B001FBDC5 = {
			isa = PBXGroup;
			children = (
				92E093CC2B061E0B001FBDC5 /* secondMojong */,
				92E093DD2B061E0D001FBDC5 /* secondMojongTests */,
				92E093E72B061E0D001FBDC5 /* secondMojongUITests */,
				92E093CB2B061E0B001FBDC5 /* Products */,
			);
			sourceTree = "<group>";
		};
		92E093CB2B061E0B001FBDC5 /* Products */ = {
			isa = PBXGroup;
			children = (
				92E093CA2B061E0B001FBDC5 /* secondMojong.app */,
				92E093DA2B061E0D001FBDC5 /* secondMojongTests.xctest */,
				92E093E42B061E0D001FBDC5 /* secondMojongUITests.xctest */,
			);
			name = Products;
			sourceTree = "<group>";
		};
		92E093CC2B061E0B001FBDC5 /* secondMojong */ = {
			isa = PBXGroup;
			children = (
				929F3C042B0F367700CC2CE7 /* Model */,
				92E093CD2B061E0B001FBDC5 /* secondMojongApp.swift */,
				92E093F92B061E83001FBDC5 /* SplashView.swift */,
				92E093CF2B061E0B001FBDC5 /* ContentView.swift */,
				92E0945C2B064150001FBDC5 /* Weekly */,
				92E094092B061F70001FBDC5 /* Extension */,
				92E093D12B061E0D001FBDC5 /* Assets.xcassets */,
				92E094172B062011001FBDC5 /* Info.plist */,
				92E093D32B061E0D001FBDC5 /* Preview Content */,
			);
			path = secondMojong;
			sourceTree = "<group>";
		};
		92E093D32B061E0D001FBDC5 /* Preview Content */ = {
			isa = PBXGroup;
			children = (
				92E093D42B061E0D001FBDC5 /* Preview Assets.xcassets */,
			);
			path = "Preview Content";
			sourceTree = "<group>";
		};
		92E093DD2B061E0D001FBDC5 /* secondMojongTests */ = {
			isa = PBXGroup;
			children = (
				92E093DE2B061E0D001FBDC5 /* secondMojongTests.swift */,
			);
			path = secondMojongTests;
			sourceTree = "<group>";
		};
		92E093E72B061E0D001FBDC5 /* secondMojongUITests */ = {
			isa = PBXGroup;
			children = (
				92E093E82B061E0D001FBDC5 /* secondMojongUITests.swift */,
				92E093EA2B061E0D001FBDC5 /* secondMojongUITestsLaunchTests.swift */,
			);
			path = secondMojongUITests;
			sourceTree = "<group>";
		};
		92E094092B061F70001FBDC5 /* Extension */ = {
			isa = PBXGroup;
			children = (
				92E0940A2B061F7B001FBDC5 /* Fonts */,
				92E094042B061F5B001FBDC5 /* TextStyles.swift */,
				92E094012B061F4E001FBDC5 /* Colors.swift */,
				9260A0E72B0B3326008B502E /* KeyboardExtension.swift */,
				92368D1D2B0DE9D1005379AD /* CropChip.swift */,
				929F3C072B10E9A000CC2CE7 /* Buttons.swift */,
			);
			path = Extension;
			sourceTree = "<group>";
		};
		92E0940A2B061F7B001FBDC5 /* Fonts */ = {
			isa = PBXGroup;
			children = (
				92E0940C2B061F8A001FBDC5 /* NPSfont_bold.ttf */,
				92E0940B2B061F8A001FBDC5 /* NPSfont_extrabold.ttf */,
				92E0940D2B061F8A001FBDC5 /* NPSfont_regular.ttf */,
			);
			path = Fonts;
			sourceTree = "<group>";
		};
		92E0945C2B064150001FBDC5 /* Weekly */ = {
			isa = PBXGroup;
			children = (
				92E093F72B061E6D001FBDC5 /* WeeklyView.swift */,
				9260A0E92B0B35B8008B502E /* MainHeader */,
				9260A0DB2B071091008B502E /* WeekCalendar */,
				9260A0E22B0754AE008B502E /* Note */,
			);
			path = Weekly;
			sourceTree = "<group>";
		};
/* End PBXGroup section */

/* Begin PBXNativeTarget section */
		92E093C92B061E0B001FBDC5 /* secondMojong */ = {
			isa = PBXNativeTarget;
			buildConfigurationList = 92E093EE2B061E0D001FBDC5 /* Build configuration list for PBXNativeTarget "secondMojong" */;
			buildPhases = (
				92E093C62B061E0B001FBDC5 /* Sources */,
				92E093C72B061E0B001FBDC5 /* Frameworks */,
				92E093C82B061E0B001FBDC5 /* Resources */,
			);
			buildRules = (
			);
			dependencies = (
			);
			name = secondMojong;
			productName = secondMojong;
			productReference = 92E093CA2B061E0B001FBDC5 /* secondMojong.app */;
			productType = "com.apple.product-type.application";
		};
		92E093D92B061E0D001FBDC5 /* secondMojongTests */ = {
			isa = PBXNativeTarget;
			buildConfigurationList = 92E093F12B061E0D001FBDC5 /* Build configuration list for PBXNativeTarget "secondMojongTests" */;
			buildPhases = (
				92E093D62B061E0D001FBDC5 /* Sources */,
				92E093D72B061E0D001FBDC5 /* Frameworks */,
				92E093D82B061E0D001FBDC5 /* Resources */,
			);
			buildRules = (
			);
			dependencies = (
				92E093DC2B061E0D001FBDC5 /* PBXTargetDependency */,
			);
			name = secondMojongTests;
			productName = secondMojongTests;
			productReference = 92E093DA2B061E0D001FBDC5 /* secondMojongTests.xctest */;
			productType = "com.apple.product-type.bundle.unit-test";
		};
		92E093E32B061E0D001FBDC5 /* secondMojongUITests */ = {
			isa = PBXNativeTarget;
			buildConfigurationList = 92E093F42B061E0D001FBDC5 /* Build configuration list for PBXNativeTarget "secondMojongUITests" */;
			buildPhases = (
				92E093E02B061E0D001FBDC5 /* Sources */,
				92E093E12B061E0D001FBDC5 /* Frameworks */,
				92E093E22B061E0D001FBDC5 /* Resources */,
			);
			buildRules = (
			);
			dependencies = (
				92E093E62B061E0D001FBDC5 /* PBXTargetDependency */,
			);
			name = secondMojongUITests;
			productName = secondMojongUITests;
			productReference = 92E093E42B061E0D001FBDC5 /* secondMojongUITests.xctest */;
			productType = "com.apple.product-type.bundle.ui-testing";
		};
/* End PBXNativeTarget section */

/* Begin PBXProject section */
		92E093C22B061E0B001FBDC5 /* Project object */ = {
			isa = PBXProject;
			attributes = {
				BuildIndependentTargetsInParallel = 1;
				LastSwiftUpdateCheck = 1500;
				LastUpgradeCheck = 1500;
				TargetAttributes = {
					92E093C92B061E0B001FBDC5 = {
						CreatedOnToolsVersion = 15.0.1;
					};
					92E093D92B061E0D001FBDC5 = {
						CreatedOnToolsVersion = 15.0.1;
						TestTargetID = 92E093C92B061E0B001FBDC5;
					};
					92E093E32B061E0D001FBDC5 = {
						CreatedOnToolsVersion = 15.0.1;
						TestTargetID = 92E093C92B061E0B001FBDC5;
					};
				};
			};
			buildConfigurationList = 92E093C52B061E0B001FBDC5 /* Build configuration list for PBXProject "secondMojong" */;
			compatibilityVersion = "Xcode 14.0";
			developmentRegion = en;
			hasScannedForEncodings = 0;
			knownRegions = (
				en,
				Base,
			);
			mainGroup = 92E093C12B061E0B001FBDC5;
			productRefGroup = 92E093CB2B061E0B001FBDC5 /* Products */;
			projectDirPath = "";
			projectRoot = "";
			targets = (
				92E093C92B061E0B001FBDC5 /* secondMojong */,
				92E093D92B061E0D001FBDC5 /* secondMojongTests */,
				92E093E32B061E0D001FBDC5 /* secondMojongUITests */,
			);
		};
/* End PBXProject section */

/* Begin PBXResourcesBuildPhase section */
		92E093C82B061E0B001FBDC5 /* Resources */ = {
			isa = PBXResourcesBuildPhase;
			buildActionMask = 2147483647;
			files = (
				92E0940F2B061F8A001FBDC5 /* NPSfont_bold.ttf in Resources */,
				92E0940E2B061F8A001FBDC5 /* NPSfont_extrabold.ttf in Resources */,
				92E093D52B061E0D001FBDC5 /* Preview Assets.xcassets in Resources */,
				92E093D22B061E0D001FBDC5 /* Assets.xcassets in Resources */,
				92E094102B061F8A001FBDC5 /* NPSfont_regular.ttf in Resources */,
			);
			runOnlyForDeploymentPostprocessing = 0;
		};
		92E093D82B061E0D001FBDC5 /* Resources */ = {
			isa = PBXResourcesBuildPhase;
			buildActionMask = 2147483647;
			files = (
				92E094112B061FF8001FBDC5 /* NPSfont_bold.ttf in Resources */,
				92E094152B061FFD001FBDC5 /* NPSfont_regular.ttf in Resources */,
				92E094132B061FFA001FBDC5 /* NPSfont_extrabold.ttf in Resources */,
			);
			runOnlyForDeploymentPostprocessing = 0;
		};
		92E093E22B061E0D001FBDC5 /* Resources */ = {
			isa = PBXResourcesBuildPhase;
			buildActionMask = 2147483647;
			files = (
				92E094122B061FF8001FBDC5 /* NPSfont_bold.ttf in Resources */,
				92E094162B061FFF001FBDC5 /* NPSfont_regular.ttf in Resources */,
				92E094142B061FFB001FBDC5 /* NPSfont_extrabold.ttf in Resources */,
			);
			runOnlyForDeploymentPostprocessing = 0;
		};
/* End PBXResourcesBuildPhase section */

/* Begin PBXSourcesBuildPhase section */
		92E093C62B061E0B001FBDC5 /* Sources */ = {
			isa = PBXSourcesBuildPhase;
			buildActionMask = 2147483647;
			files = (
				92E094082B061F5F001FBDC5 /* TextStyles.swift in Sources */,
				9260A0ED2B0B3734008B502E /* MonthlyView.swift in Sources */,
				9260A0F12B0B38A3008B502E /* MonthlyHeaderView.swift in Sources */,
				9260A0E82B0B3326008B502E /* KeyboardExtension.swift in Sources */,
				92E093D02B061E0B001FBDC5 /* ContentView.swift in Sources */,
				929F3C0A2B13360900CC2CE7 /* DataModel.swift in Sources */,
				9260A0DA2B0702F9008B502E /* WholeWeekView.swift in Sources */,
				92E094032B061F52001FBDC5 /* Colors.swift in Sources */,
				92E094602B0641BD001FBDC5 /* WeekStore.swift in Sources */,
				92E093FA2B061E83001FBDC5 /* SplashView.swift in Sources */,
				92E094622B0641BD001FBDC5 /* WeekHeaderView.swift in Sources */,
				9260A0DD2B0710D6008B502E /* MainHeaderView.swift in Sources */,
				929F3C082B10E9A000CC2CE7 /* Buttons.swift in Sources */,
				92A7B7F32B0B8AA900DFA162 /* MonthView.swift in Sources */,
				92E094642B0641F9001FBDC5 /* WeekView.swift in Sources */,
				929F3C062B0F368C00CC2CE7 /* DailyModel.swift in Sources */,
				92368D1E2B0DE9D1005379AD /* CropChip.swift in Sources */,
				92E093CE2B061E0B001FBDC5 /* secondMojongApp.swift in Sources */,
				92E094612B0641BD001FBDC5 /* WeeksTabView.swift in Sources */,
				9260A0E62B0B2590008B502E /* DailyNoteSheet.swift in Sources */,
				92A7B7F52B0B8B6600DFA162 /* MonthStore.swift in Sources */,
				92E093F82B061E6D001FBDC5 /* WeeklyView.swift in Sources */,
				9260A0EB2B0B35CA008B502E /* SelectCropView.swift in Sources */,
				9260A0DF2B071496008B502E /* DailyNoteView.swift in Sources */,
			);
			runOnlyForDeploymentPostprocessing = 0;
		};
		92E093D62B061E0D001FBDC5 /* Sources */ = {
			isa = PBXSourcesBuildPhase;
			buildActionMask = 2147483647;
			files = (
				92E093DF2B061E0D001FBDC5 /* secondMojongTests.swift in Sources */,
			);
			runOnlyForDeploymentPostprocessing = 0;
		};
		92E093E02B061E0D001FBDC5 /* Sources */ = {
			isa = PBXSourcesBuildPhase;
			buildActionMask = 2147483647;
			files = (
				92E093EB2B061E0D001FBDC5 /* secondMojongUITestsLaunchTests.swift in Sources */,
				92E093E92B061E0D001FBDC5 /* secondMojongUITests.swift in Sources */,
			);
			runOnlyForDeploymentPostprocessing = 0;
		};
/* End PBXSourcesBuildPhase section */

/* Begin PBXTargetDependency section */
		92E093DC2B061E0D001FBDC5 /* PBXTargetDependency */ = {
			isa = PBXTargetDependency;
			target = 92E093C92B061E0B001FBDC5 /* secondMojong */;
			targetProxy = 92E093DB2B061E0D001FBDC5 /* PBXContainerItemProxy */;
		};
		92E093E62B061E0D001FBDC5 /* PBXTargetDependency */ = {
			isa = PBXTargetDependency;
			target = 92E093C92B061E0B001FBDC5 /* secondMojong */;
			targetProxy = 92E093E52B061E0D001FBDC5 /* PBXContainerItemProxy */;
		};
/* End PBXTargetDependency section */

/* Begin XCBuildConfiguration section */
		92E093EC2B061E0D001FBDC5 /* Debug */ = {
			isa = XCBuildConfiguration;
			buildSettings = {
				ALWAYS_SEARCH_USER_PATHS = NO;
				ASSETCATALOG_COMPILER_GENERATE_SWIFT_ASSET_SYMBOL_EXTENSIONS = YES;
				CLANG_ANALYZER_NONNULL = YES;
				CLANG_ANALYZER_NUMBER_OBJECT_CONVERSION = YES_AGGRESSIVE;
				CLANG_CXX_LANGUAGE_STANDARD = "gnu++20";
				CLANG_ENABLE_MODULES = YES;
				CLANG_ENABLE_OBJC_ARC = YES;
				CLANG_ENABLE_OBJC_WEAK = YES;
				CLANG_WARN_BLOCK_CAPTURE_AUTORELEASING = YES;
				CLANG_WARN_BOOL_CONVERSION = YES;
				CLANG_WARN_COMMA = YES;
				CLANG_WARN_CONSTANT_CONVERSION = YES;
				CLANG_WARN_DEPRECATED_OBJC_IMPLEMENTATIONS = YES;
				CLANG_WARN_DIRECT_OBJC_ISA_USAGE = YES_ERROR;
				CLANG_WARN_DOCUMENTATION_COMMENTS = YES;
				CLANG_WARN_EMPTY_BODY = YES;
				CLANG_WARN_ENUM_CONVERSION = YES;
				CLANG_WARN_INFINITE_RECURSION = YES;
				CLANG_WARN_INT_CONVERSION = YES;
				CLANG_WARN_NON_LITERAL_NULL_CONVERSION = YES;
				CLANG_WARN_OBJC_IMPLICIT_RETAIN_SELF = YES;
				CLANG_WARN_OBJC_LITERAL_CONVERSION = YES;
				CLANG_WARN_OBJC_ROOT_CLASS = YES_ERROR;
				CLANG_WARN_QUOTED_INCLUDE_IN_FRAMEWORK_HEADER = YES;
				CLANG_WARN_RANGE_LOOP_ANALYSIS = YES;
				CLANG_WARN_STRICT_PROTOTYPES = YES;
				CLANG_WARN_SUSPICIOUS_MOVE = YES;
				CLANG_WARN_UNGUARDED_AVAILABILITY = YES_AGGRESSIVE;
				CLANG_WARN_UNREACHABLE_CODE = YES;
				CLANG_WARN__DUPLICATE_METHOD_MATCH = YES;
				COPY_PHASE_STRIP = NO;
				DEBUG_INFORMATION_FORMAT = dwarf;
				ENABLE_STRICT_OBJC_MSGSEND = YES;
				ENABLE_TESTABILITY = YES;
				ENABLE_USER_SCRIPT_SANDBOXING = YES;
				GCC_C_LANGUAGE_STANDARD = gnu17;
				GCC_DYNAMIC_NO_PIC = NO;
				GCC_NO_COMMON_BLOCKS = YES;
				GCC_OPTIMIZATION_LEVEL = 0;
				GCC_PREPROCESSOR_DEFINITIONS = (
					"DEBUG=1",
					"$(inherited)",
				);
				GCC_WARN_64_TO_32_BIT_CONVERSION = YES;
				GCC_WARN_ABOUT_RETURN_TYPE = YES_ERROR;
				GCC_WARN_UNDECLARED_SELECTOR = YES;
				GCC_WARN_UNINITIALIZED_AUTOS = YES_AGGRESSIVE;
				GCC_WARN_UNUSED_FUNCTION = YES;
				GCC_WARN_UNUSED_VARIABLE = YES;
				IPHONEOS_DEPLOYMENT_TARGET = 17.0;
				LOCALIZATION_PREFERS_STRING_CATALOGS = YES;
				MTL_ENABLE_DEBUG_INFO = INCLUDE_SOURCE;
				MTL_FAST_MATH = YES;
				ONLY_ACTIVE_ARCH = YES;
				SDKROOT = iphoneos;
				SWIFT_ACTIVE_COMPILATION_CONDITIONS = "DEBUG $(inherited)";
				SWIFT_OPTIMIZATION_LEVEL = "-Onone";
			};
			name = Debug;
		};
		92E093ED2B061E0D001FBDC5 /* Release */ = {
			isa = XCBuildConfiguration;
			buildSettings = {
				ALWAYS_SEARCH_USER_PATHS = NO;
				ASSETCATALOG_COMPILER_GENERATE_SWIFT_ASSET_SYMBOL_EXTENSIONS = YES;
				CLANG_ANALYZER_NONNULL = YES;
				CLANG_ANALYZER_NUMBER_OBJECT_CONVERSION = YES_AGGRESSIVE;
				CLANG_CXX_LANGUAGE_STANDARD = "gnu++20";
				CLANG_ENABLE_MODULES = YES;
				CLANG_ENABLE_OBJC_ARC = YES;
				CLANG_ENABLE_OBJC_WEAK = YES;
				CLANG_WARN_BLOCK_CAPTURE_AUTORELEASING = YES;
				CLANG_WARN_BOOL_CONVERSION = YES;
				CLANG_WARN_COMMA = YES;
				CLANG_WARN_CONSTANT_CONVERSION = YES;
				CLANG_WARN_DEPRECATED_OBJC_IMPLEMENTATIONS = YES;
				CLANG_WARN_DIRECT_OBJC_ISA_USAGE = YES_ERROR;
				CLANG_WARN_DOCUMENTATION_COMMENTS = YES;
				CLANG_WARN_EMPTY_BODY = YES;
				CLANG_WARN_ENUM_CONVERSION = YES;
				CLANG_WARN_INFINITE_RECURSION = YES;
				CLANG_WARN_INT_CONVERSION = YES;
				CLANG_WARN_NON_LITERAL_NULL_CONVERSION = YES;
				CLANG_WARN_OBJC_IMPLICIT_RETAIN_SELF = YES;
				CLANG_WARN_OBJC_LITERAL_CONVERSION = YES;
				CLANG_WARN_OBJC_ROOT_CLASS = YES_ERROR;
				CLANG_WARN_QUOTED_INCLUDE_IN_FRAMEWORK_HEADER = YES;
				CLANG_WARN_RANGE_LOOP_ANALYSIS = YES;
				CLANG_WARN_STRICT_PROTOTYPES = YES;
				CLANG_WARN_SUSPICIOUS_MOVE = YES;
				CLANG_WARN_UNGUARDED_AVAILABILITY = YES_AGGRESSIVE;
				CLANG_WARN_UNREACHABLE_CODE = YES;
				CLANG_WARN__DUPLICATE_METHOD_MATCH = YES;
				COPY_PHASE_STRIP = NO;
				DEBUG_INFORMATION_FORMAT = "dwarf-with-dsym";
				ENABLE_NS_ASSERTIONS = NO;
				ENABLE_STRICT_OBJC_MSGSEND = YES;
				ENABLE_USER_SCRIPT_SANDBOXING = YES;
				GCC_C_LANGUAGE_STANDARD = gnu17;
				GCC_NO_COMMON_BLOCKS = YES;
				GCC_WARN_64_TO_32_BIT_CONVERSION = YES;
				GCC_WARN_ABOUT_RETURN_TYPE = YES_ERROR;
				GCC_WARN_UNDECLARED_SELECTOR = YES;
				GCC_WARN_UNINITIALIZED_AUTOS = YES_AGGRESSIVE;
				GCC_WARN_UNUSED_FUNCTION = YES;
				GCC_WARN_UNUSED_VARIABLE = YES;
				IPHONEOS_DEPLOYMENT_TARGET = 17.0;
				LOCALIZATION_PREFERS_STRING_CATALOGS = YES;
				MTL_ENABLE_DEBUG_INFO = NO;
				MTL_FAST_MATH = YES;
				SDKROOT = iphoneos;
				SWIFT_COMPILATION_MODE = wholemodule;
				VALIDATE_PRODUCT = YES;
			};
			name = Release;
		};
		92E093EF2B061E0D001FBDC5 /* Debug */ = {
			isa = XCBuildConfiguration;
			buildSettings = {
				ASSETCATALOG_COMPILER_APPICON_NAME = AppIcon;
				ASSETCATALOG_COMPILER_GLOBAL_ACCENT_COLOR_NAME = AccentColor;
				CODE_SIGN_STYLE = Automatic;
				CURRENT_PROJECT_VERSION = 1;
				DEVELOPMENT_ASSET_PATHS = "\"secondMojong/Preview Content\"";
				DEVELOPMENT_TEAM = 7FSJ5JJVGQ;
				ENABLE_PREVIEWS = YES;
				GENERATE_INFOPLIST_FILE = YES;
				INFOPLIST_FILE = secondMojong/Info.plist;
				INFOPLIST_KEY_UIApplicationSceneManifest_Generation = YES;
				INFOPLIST_KEY_UIApplicationSupportsIndirectInputEvents = YES;
				INFOPLIST_KEY_UILaunchScreen_Generation = YES;
				INFOPLIST_KEY_UISupportedInterfaceOrientations_iPad = "UIInterfaceOrientationPortrait UIInterfaceOrientationPortraitUpsideDown UIInterfaceOrientationLandscapeLeft UIInterfaceOrientationLandscapeRight";
				INFOPLIST_KEY_UISupportedInterfaceOrientations_iPhone = "UIInterfaceOrientationPortrait UIInterfaceOrientationLandscapeLeft UIInterfaceOrientationLandscapeRight";
				LD_RUNPATH_SEARCH_PATHS = (
					"$(inherited)",
					"@executable_path/Frameworks",
				);
				MARKETING_VERSION = 1.0;
				PRODUCT_BUNDLE_IDENTIFIER = Miiiro.secondMojong;
				PRODUCT_NAME = "$(TARGET_NAME)";
				SWIFT_EMIT_LOC_STRINGS = YES;
				SWIFT_VERSION = 5.0;
				TARGETED_DEVICE_FAMILY = "1,2";
			};
			name = Debug;
		};
		92E093F02B061E0D001FBDC5 /* Release */ = {
			isa = XCBuildConfiguration;
			buildSettings = {
				ASSETCATALOG_COMPILER_APPICON_NAME = AppIcon;
				ASSETCATALOG_COMPILER_GLOBAL_ACCENT_COLOR_NAME = AccentColor;
				CODE_SIGN_STYLE = Automatic;
				CURRENT_PROJECT_VERSION = 1;
				DEVELOPMENT_ASSET_PATHS = "\"secondMojong/Preview Content\"";
				DEVELOPMENT_TEAM = 7FSJ5JJVGQ;
				ENABLE_PREVIEWS = YES;
				GENERATE_INFOPLIST_FILE = YES;
				INFOPLIST_FILE = secondMojong/Info.plist;
				INFOPLIST_KEY_UIApplicationSceneManifest_Generation = YES;
				INFOPLIST_KEY_UIApplicationSupportsIndirectInputEvents = YES;
				INFOPLIST_KEY_UILaunchScreen_Generation = YES;
				INFOPLIST_KEY_UISupportedInterfaceOrientations_iPad = "UIInterfaceOrientationPortrait UIInterfaceOrientationPortraitUpsideDown UIInterfaceOrientationLandscapeLeft UIInterfaceOrientationLandscapeRight";
				INFOPLIST_KEY_UISupportedInterfaceOrientations_iPhone = "UIInterfaceOrientationPortrait UIInterfaceOrientationLandscapeLeft UIInterfaceOrientationLandscapeRight";
				LD_RUNPATH_SEARCH_PATHS = (
					"$(inherited)",
					"@executable_path/Frameworks",
				);
				MARKETING_VERSION = 1.0;
				PRODUCT_BUNDLE_IDENTIFIER = Miiiro.secondMojong;
				PRODUCT_NAME = "$(TARGET_NAME)";
				SWIFT_EMIT_LOC_STRINGS = YES;
				SWIFT_VERSION = 5.0;
				TARGETED_DEVICE_FAMILY = "1,2";
			};
			name = Release;
		};
		92E093F22B061E0D001FBDC5 /* Debug */ = {
			isa = XCBuildConfiguration;
			buildSettings = {
				ALWAYS_EMBED_SWIFT_STANDARD_LIBRARIES = YES;
				BUNDLE_LOADER = "$(TEST_HOST)";
				CODE_SIGN_STYLE = Automatic;
				CURRENT_PROJECT_VERSION = 1;
				DEVELOPMENT_TEAM = 7FSJ5JJVGQ;
				GENERATE_INFOPLIST_FILE = YES;
				IPHONEOS_DEPLOYMENT_TARGET = 17.0;
				MARKETING_VERSION = 1.0;
				PRODUCT_BUNDLE_IDENTIFIER = Miiiro.secondMojongTests;
				PRODUCT_NAME = "$(TARGET_NAME)";
				SWIFT_EMIT_LOC_STRINGS = NO;
				SWIFT_VERSION = 5.0;
				TARGETED_DEVICE_FAMILY = "1,2";
				TEST_HOST = "$(BUILT_PRODUCTS_DIR)/secondMojong.app/$(BUNDLE_EXECUTABLE_FOLDER_PATH)/secondMojong";
			};
			name = Debug;
		};
		92E093F32B061E0D001FBDC5 /* Release */ = {
			isa = XCBuildConfiguration;
			buildSettings = {
				ALWAYS_EMBED_SWIFT_STANDARD_LIBRARIES = YES;
				BUNDLE_LOADER = "$(TEST_HOST)";
				CODE_SIGN_STYLE = Automatic;
				CURRENT_PROJECT_VERSION = 1;
				DEVELOPMENT_TEAM = 7FSJ5JJVGQ;
				GENERATE_INFOPLIST_FILE = YES;
				IPHONEOS_DEPLOYMENT_TARGET = 17.0;
				MARKETING_VERSION = 1.0;
				PRODUCT_BUNDLE_IDENTIFIER = Miiiro.secondMojongTests;
				PRODUCT_NAME = "$(TARGET_NAME)";
				SWIFT_EMIT_LOC_STRINGS = NO;
				SWIFT_VERSION = 5.0;
				TARGETED_DEVICE_FAMILY = "1,2";
				TEST_HOST = "$(BUILT_PRODUCTS_DIR)/secondMojong.app/$(BUNDLE_EXECUTABLE_FOLDER_PATH)/secondMojong";
			};
			name = Release;
		};
		92E093F52B061E0D001FBDC5 /* Debug */ = {
			isa = XCBuildConfiguration;
			buildSettings = {
				ALWAYS_EMBED_SWIFT_STANDARD_LIBRARIES = YES;
				CODE_SIGN_STYLE = Automatic;
				CURRENT_PROJECT_VERSION = 1;
				DEVELOPMENT_TEAM = 7FSJ5JJVGQ;
				GENERATE_INFOPLIST_FILE = YES;
				MARKETING_VERSION = 1.0;
				PRODUCT_BUNDLE_IDENTIFIER = Miiiro.secondMojongUITests;
				PRODUCT_NAME = "$(TARGET_NAME)";
				SWIFT_EMIT_LOC_STRINGS = NO;
				SWIFT_VERSION = 5.0;
				TARGETED_DEVICE_FAMILY = "1,2";
				TEST_TARGET_NAME = secondMojong;
			};
			name = Debug;
		};
		92E093F62B061E0D001FBDC5 /* Release */ = {
			isa = XCBuildConfiguration;
			buildSettings = {
				ALWAYS_EMBED_SWIFT_STANDARD_LIBRARIES = YES;
				CODE_SIGN_STYLE = Automatic;
				CURRENT_PROJECT_VERSION = 1;
				DEVELOPMENT_TEAM = 7FSJ5JJVGQ;
				GENERATE_INFOPLIST_FILE = YES;
				MARKETING_VERSION = 1.0;
				PRODUCT_BUNDLE_IDENTIFIER = Miiiro.secondMojongUITests;
				PRODUCT_NAME = "$(TARGET_NAME)";
				SWIFT_EMIT_LOC_STRINGS = NO;
				SWIFT_VERSION = 5.0;
				TARGETED_DEVICE_FAMILY = "1,2";
				TEST_TARGET_NAME = secondMojong;
			};
			name = Release;
		};
/* End XCBuildConfiguration section */

/* Begin XCConfigurationList section */
		92E093C52B061E0B001FBDC5 /* Build configuration list for PBXProject "secondMojong" */ = {
			isa = XCConfigurationList;
			buildConfigurations = (
				92E093EC2B061E0D001FBDC5 /* Debug */,
				92E093ED2B061E0D001FBDC5 /* Release */,
			);
			defaultConfigurationIsVisible = 0;
			defaultConfigurationName = Release;
		};
		92E093EE2B061E0D001FBDC5 /* Build configuration list for PBXNativeTarget "secondMojong" */ = {
			isa = XCConfigurationList;
			buildConfigurations = (
				92E093EF2B061E0D001FBDC5 /* Debug */,
				92E093F02B061E0D001FBDC5 /* Release */,
			);
			defaultConfigurationIsVisible = 0;
			defaultConfigurationName = Release;
		};
		92E093F12B061E0D001FBDC5 /* Build configuration list for PBXNativeTarget "secondMojongTests" */ = {
			isa = XCConfigurationList;
			buildConfigurations = (
				92E093F22B061E0D001FBDC5 /* Debug */,
				92E093F32B061E0D001FBDC5 /* Release */,
			);
			defaultConfigurationIsVisible = 0;
			defaultConfigurationName = Release;
		};
		92E093F42B061E0D001FBDC5 /* Build configuration list for PBXNativeTarget "secondMojongUITests" */ = {
			isa = XCConfigurationList;
			buildConfigurations = (
				92E093F52B061E0D001FBDC5 /* Debug */,
				92E093F62B061E0D001FBDC5 /* Release */,
			);
			defaultConfigurationIsVisible = 0;
			defaultConfigurationName = Release;
		};
/* End XCConfigurationList section */
	};
	rootObject = 92E093C22B061E0B001FBDC5 /* Project object */;
}
